
Microsoft Visual Studio Solution File, Format Version 12.00
# Visual Studio Version 16
VisualStudioVersion = 16.0.32929.386
MinimumVisualStudioVersion = 10.0.40219.1
Project("{FAE04EC0-301F-11D3-BF4B-00C04F79EFBC}") = "prueba", "prueba\prueba.csproj", "{603AFA51-B7CB-49ED-817B-EF10327A176C}"
EndProject
Global
	GlobalSection(SolutionConfigurationPlatforms) = preSolution
		Debug|Any CPU = Debug|Any CPU
		Release|Any CPU = Release|Any CPU
	EndGlobalSection
	GlobalSection(ProjectConfigurationPlatforms) = postSolution
		{603AFA51-B7CB-49ED-817B-EF10327A176C}.Debug|Any CPU.ActiveCfg = Debug|Any CPU
		{603AFA51-B7CB-49ED-817B-EF10327A176C}.Debug|Any CPU.Build.0 = Debug|Any CPU
		{603AFA51-B7CB-49ED-817B-EF10327A176C}.Release|Any CPU.ActiveCfg = Release|Any CPU
		{603AFA51-B7CB-49ED-817B-EF10327A176C}.Release|Any CPU.Build.0 = Release|Any CPU
	EndGlobalSection
	GlobalSection(SolutionProperties) = preSolution
		HideSolutionNode = FALSE
	EndGlobalSection
	GlobalSection(ExtensibilityGlobals) = postSolution
		SolutionGuid = {E35ABD51-A6F7-4538-BD1F-BC6CC7C152AF}
	EndGlobalSection
EndGlobal
