
Microsoft Visual Studio Solution File, Format Version 12.00
# Visual Studio Version 16
VisualStudioVersion = 16.0.32929.386
MinimumVisualStudioVersion = 10.0.40219.1
Project("{FAE04EC0-301F-11D3-BF4B-00C04F79EFBC}") = "cambiomoneda", "cambiomoneda\cambiomoneda.csproj", "{DE6B2072-6F45-46A5-A235-F3EAEAEBBD7C}"
EndProject
Global
	GlobalSection(SolutionConfigurationPlatforms) = preSolution
		Debug|Any CPU = Debug|Any CPU
		Release|Any CPU = Release|Any CPU
	EndGlobalSection
	GlobalSection(ProjectConfigurationPlatforms) = postSolution
		{DE6B2072-6F45-46A5-A235-F3EAEAEBBD7C}.Debug|Any CPU.ActiveCfg = Debug|Any CPU
		{DE6B2072-6F45-46A5-A235-F3EAEAEBBD7C}.Debug|Any CPU.Build.0 = Debug|Any CPU
		{DE6B2072-6F45-46A5-A235-F3EAEAEBBD7C}.Release|Any CPU.ActiveCfg = Release|Any CPU
		{DE6B2072-6F45-46A5-A235-F3EAEAEBBD7C}.Release|Any CPU.Build.0 = Release|Any CPU
	EndGlobalSection
	GlobalSection(SolutionProperties) = preSolution
		HideSolutionNode = FALSE
	EndGlobalSection
	GlobalSection(ExtensibilityGlobals) = postSolution
		SolutionGuid = {917A2AE5-751C-4C07-BA28-C1888D5C07FB}
	EndGlobalSection
EndGlobal
